
Microsoft Visual Studio Solution File, Format Version 12.00
# Visual Studio 15
VisualStudioVersion = 15.0.27703.2042
MinimumVisualStudioVersion = 10.0.40219.1
Project("{FAE04EC0-301F-11D3-BF4B-00C04F79EFBC}") = "HackAtCewitManagementSystem", "HackAtCewitManagementSystem\HackAtCewitManagementSystem.csproj", "{3B809A49-B37C-45CD-92AB-B5C76DDD0A2F}"
EndProject
Project("{2150E333-8FDC-42A3-9474-1A3956D46DE8}") = "Solution Items", "Solution Items", "{7093FE02-A4A9-4F0E-9420-9DB46E6FA1D8}"
EndProject
Project("{FAE04EC0-301F-11D3-BF4B-00C04F79EFBC}") = "Tests", "Tests\Tests.csproj", "{48D85A0B-EB0A-4AAD-90C8-8EDB7916684A}"
EndProject
Global
	GlobalSection(SolutionConfigurationPlatforms) = preSolution
		Debug|Any CPU = Debug|Any CPU
		Release|Any CPU = Release|Any CPU
	EndGlobalSection
	GlobalSection(ProjectConfigurationPlatforms) = postSolution
		{3B809A49-B37C-45CD-92AB-B5C76DDD0A2F}.Debug|Any CPU.ActiveCfg = Debug|Any CPU
		{3B809A49-B37C-45CD-92AB-B5C76DDD0A2F}.Debug|Any CPU.Build.0 = Debug|Any CPU
		{3B809A49-B37C-45CD-92AB-B5C76DDD0A2F}.Release|Any CPU.ActiveCfg = Release|Any CPU
		{3B809A49-B37C-45CD-92AB-B5C76DDD0A2F}.Release|Any CPU.Build.0 = Release|Any CPU
		{48D85A0B-EB0A-4AAD-90C8-8EDB7916684A}.Debug|Any CPU.ActiveCfg = Debug|Any CPU
		{48D85A0B-EB0A-4AAD-90C8-8EDB7916684A}.Debug|Any CPU.Build.0 = Debug|Any CPU
		{48D85A0B-EB0A-4AAD-90C8-8EDB7916684A}.Release|Any CPU.ActiveCfg = Release|Any CPU
		{48D85A0B-EB0A-4AAD-90C8-8EDB7916684A}.Release|Any CPU.Build.0 = Release|Any CPU
	EndGlobalSection
	GlobalSection(SolutionProperties) = preSolution
		HideSolutionNode = FALSE
	EndGlobalSection
	GlobalSection(ExtensibilityGlobals) = postSolution
		SolutionGuid = {D3FC8C4F-AFD0-4D20-AAFD-3E7FE4F26B62}
	EndGlobalSection
EndGlobal
